
Microsoft Visual Studio Solution File, Format Version 12.00
# Visual Studio Version 16
VisualStudioVersion = 16.0.30503.244
MinimumVisualStudioVersion = 10.0.40219.1
Project("{FAE04EC0-301F-11D3-BF4B-00C04F79EFBC}") = "2D Console graphics c sharp", "Console graphics c sharp\2D Console graphics c sharp.csproj", "{76A2090C-0AC0-47C7-9EA8-513C7BDDC3E0}"
EndProject
Global
	GlobalSection(SolutionConfigurationPlatforms) = preSolution
		Debug|Any CPU = Debug|Any CPU
		Release|Any CPU = Release|Any CPU
	EndGlobalSection
	GlobalSection(ProjectConfigurationPlatforms) = postSolution
		{76A2090C-0AC0-47C7-9EA8-513C7BDDC3E0}.Debug|Any CPU.ActiveCfg = Debug|Any CPU
		{76A2090C-0AC0-47C7-9EA8-513C7BDDC3E0}.Debug|Any CPU.Build.0 = Debug|Any CPU
		{76A2090C-0AC0-47C7-9EA8-513C7BDDC3E0}.Release|Any CPU.ActiveCfg = Release|Any CPU
		{76A2090C-0AC0-47C7-9EA8-513C7BDDC3E0}.Release|Any CPU.Build.0 = Release|Any CPU
	EndGlobalSection
	GlobalSection(SolutionProperties) = preSolution
		HideSolutionNode = FALSE
	EndGlobalSection
	GlobalSection(ExtensibilityGlobals) = postSolution
		SolutionGuid = {DE63E0CC-0F90-4CFF-8937-39704769CF92}
	EndGlobalSection
EndGlobal
